langcode: en
status: true
dependencies:
  config:
    - field.storage.paragraph.field_p_block
    - paragraphs.paragraphs_type.block
id: paragraph.block.field_p_block
field_name: field_p_block
entity_type: paragraph
bundle: block
label: Block
description: ''
required: true
translatable: false
default_value: {  }
default_value_callback: ''
settings:
  handler: 'default:block'
  handler_settings:
    target_bundles: null
    auto_create: false
field_type: entity_reference
